
Microsoft Visual Studio Solution File, Format Version 12.00
# Visual Studio Version 17
VisualStudioVersion = 17.11.35312.102
MinimumVisualStudioVersion = 10.0.40219.1
Project("{2150E333-8FDC-42A3-9474-1A3956D46DE8}") = "Task0", "Task0", "{B93CFC19-1157-4EC1-86E7-E4F5511B60EB}"
EndProject
Project("{FAE04EC0-301F-11D3-BF4B-00C04F79EFBC}") = "Tyuiu.NajibN.Sprint2.Task0.V4", "Tyuiu.NajibN.Sprint2.Task0.V4\Tyuiu.NajibN.Sprint2.Task0.V4.csproj", "{62A81FFC-E45A-47AA-80D7-97CB2827AF0A}"
EndProject
Project("{FAE04EC0-301F-11D3-BF4B-00C04F79EFBC}") = "Tyuiu.NajibN.Sprint2.Task0.V4.Test", "Tyuiu.NajibN.Sprint2.Task0.V4.Test\Tyuiu.NajibN.Sprint2.Task0.V4.Test.csproj", "{01CBD2DC-923E-4B53-9E2D-6E4C2FEB93DC}"
EndProject
Project("{FAE04EC0-301F-11D3-BF4B-00C04F79EFBC}") = "Tyuiu.NajibN.Sprint2.Task0.V4.Lib", "Tyuiu.NajibN.Sprint2.Task0.V4.Lib\Tyuiu.NajibN.Sprint2.Task0.V4.Lib.csproj", "{0DB84DC5-629E-403A-BB9F-4A9C9CE2AC1A}"
EndProject
Project("{2150E333-8FDC-42A3-9474-1A3956D46DE8}") = "Task1", "Task1", "{F730F85D-B246-49F5-BD78-7F46D9F8E50C}"
EndProject
Project("{FAE04EC0-301F-11D3-BF4B-00C04F79EFBC}") = "Tyuiu.NajibN.Sprint2.Task1.V5", "Tyuiu.NajibN.Sprint2.Task1.V5\Tyuiu.NajibN.Sprint2.Task1.V5.csproj", "{B685277F-EF5F-4404-A3C0-BEA77EF5B3C5}"
EndProject
Project("{FAE04EC0-301F-11D3-BF4B-00C04F79EFBC}") = "Tyuiu.NajibN.Sprint2.Task1.V5.Lib", "Tyuiu.NajibN.Sprint2.Task1.V5.Lib\Tyuiu.NajibN.Sprint2.Task1.V5.Lib.csproj", "{B8590DF5-7ED9-4C10-85EE-BF625A36BAB8}"
EndProject
Project("{FAE04EC0-301F-11D3-BF4B-00C04F79EFBC}") = "Tyuiu.NajibN.Sprint2.Task1.V5.Test", "Tyuiu.NajibN.Sprint2.Task1.V5.Test\Tyuiu.NajibN.Sprint2.Task1.V5.Test.csproj", "{9BE7054D-A986-4B53-AB14-8432F1421993}"
EndProject
Project("{2150E333-8FDC-42A3-9474-1A3956D46DE8}") = "Task2", "Task2", "{DB4F81FA-194E-4F40-A263-5EAAA512CBB1}"
EndProject
Project("{FAE04EC0-301F-11D3-BF4B-00C04F79EFBC}") = "Tyuiu.NajibN.Sprint2.Task2.V7", "Tyuiu.NajibN.Sprint2.Task2.V7\Tyuiu.NajibN.Sprint2.Task2.V7.csproj", "{FC6D1200-98E0-47C7-8669-26844B335597}"
EndProject
Project("{FAE04EC0-301F-11D3-BF4B-00C04F79EFBC}") = "Tyuiu.NajibN.Sprint2.Task2.V7.Lib", "Tyuiu.NajibN.Sprint2.Task2.V7.Lib\Tyuiu.NajibN.Sprint2.Task2.V7.Lib.csproj", "{4BBB0B83-CF3B-4D03-952E-0CBEDCC977C7}"
EndProject
Project("{FAE04EC0-301F-11D3-BF4B-00C04F79EFBC}") = "Tyuiu.NajibN.Sprint2.Task2.V7.Test", "Tyuiu.NajibN.Sprint2.Task2.V7.Test\Tyuiu.NajibN.Sprint2.Task2.V7.Test.csproj", "{373B99E3-58B0-418E-99B4-E6542DBC7C15}"
EndProject
Project("{2150E333-8FDC-42A3-9474-1A3956D46DE8}") = "Task3", "Task3", "{8886BE7E-100B-497D-A14F-B5998736F119}"
EndProject
Project("{FAE04EC0-301F-11D3-BF4B-00C04F79EFBC}") = "Tyuiu.NajibN.Sprint2.Task3.V25", "Tyuiu.NajibNSprint2.Task3.V25\Tyuiu.NajibN.Sprint2.Task3.V25.csproj", "{6F5EC6FF-30BC-4C27-A4A3-85FBF1D0D996}"
EndProject
Project("{FAE04EC0-301F-11D3-BF4B-00C04F79EFBC}") = "Tyuiu.NajibN.Sprint2.Task3.V25.Lib", "Tyuiu.NajibNSprint2.Task3.V25.Lib\Tyuiu.NajibN.Sprint2.Task3.V25.Lib.csproj", "{752FD345-C6B8-4A98-B859-E83AD68876DE}"
EndProject
Project("{FAE04EC0-301F-11D3-BF4B-00C04F79EFBC}") = "Tyuiu.NajibN.Sprint2.Task3.V25.Test", "Tyuiu.NajibNSprint2.Task3.V25.Test\Tyuiu.NajibN.Sprint2.Task3.V25.Test.csproj", "{C2F212E1-920A-4005-9796-CAFB8F04617C}"
EndProject
Project("{2150E333-8FDC-42A3-9474-1A3956D46DE8}") = "Task33", "Task33", "{72506C59-B88A-4848-BC74-5ACF17F8DB50}"
EndProject
Project("{FAE04EC0-301F-11D3-BF4B-00C04F79EFBC}") = "Tyuiu.NajibN.Sprint2.Task3.V25", "Tyuiu.NajibN.Sprint2.Task3.V25\Tyuiu.NajibN.Sprint2.Task3.V25.csproj", "{6DB61C66-61A4-43B2-AB98-739DF8A49820}"
EndProject
Project("{FAE04EC0-301F-11D3-BF4B-00C04F79EFBC}") = "Tyuiu.NajibN.Sprint2.Task3.V25.Lib", "Tyuiu.NajibN.Sprint2.Task3.V25.Lib\Tyuiu.NajibN.Sprint2.Task3.V25.Lib.csproj", "{538AA55D-53D0-4F51-8E8F-95F6A87A5E04}"
EndProject
Project("{FAE04EC0-301F-11D3-BF4B-00C04F79EFBC}") = "Tyuiu.NajibN.Sprint2.Task3.V25.Test", "Tyuiu.NajibN.Sprint2.Task3.V25.Test\Tyuiu.NajibN.Sprint2.Task3.V25.Test.csproj", "{20DB662C-97D1-41F4-AB65-F652B976F058}"
EndProject
Project("{2150E333-8FDC-42A3-9474-1A3956D46DE8}") = "Task4", "Task4", "{07E43C5B-D542-40CE-A5A4-506DB8833497}"
EndProject
Project("{FAE04EC0-301F-11D3-BF4B-00C04F79EFBC}") = "Tyuiu.NajibN.Sprint2.Task4.V17", "Tyuiu.NajibN.Sprint2.Task4.V17\Tyuiu.NajibN.Sprint2.Task4.V17.csproj", "{B018A81E-EDA9-4A82-B067-3AFDC53CE4E2}"
EndProject
Project("{FAE04EC0-301F-11D3-BF4B-00C04F79EFBC}") = "Tyuiu.NajibN.Sprint2.Task4.V17.Lib", "Tyuiu.NajibN.Sprint2.Task4.V17.Lib\Tyuiu.NajibN.Sprint2.Task4.V17.Lib.csproj", "{C7EE35DF-1DDB-4DB0-816E-6C06A5F3F49B}"
EndProject
Project("{FAE04EC0-301F-11D3-BF4B-00C04F79EFBC}") = "Tyuiu.NajibN.Sprint2.Task4.V17.Test", "Tyuiu.NajibN.Sprint2.Task4.V17.Test\Tyuiu.NajibN.Sprint2.Task4.V17.Test.csproj", "{A107B0D5-08A4-412B-96FD-45281E840CC3}"
EndProject
Project("{2150E333-8FDC-42A3-9474-1A3956D46DE8}") = "Task5", "Task5", "{144E6344-B871-4DEA-967A-12135F463A45}"
EndProject
Project("{FAE04EC0-301F-11D3-BF4B-00C04F79EFBC}") = "Tyuiu.NajibN.Sprint2.Task5.V3", "Tyuiu.NajibN.Sprint2.Task5.V3\Tyuiu.NajibN.Sprint2.Task5.V3.csproj", "{BCCA20AF-449F-4409-B168-F2679D28D7C3}"
EndProject
Project("{FAE04EC0-301F-11D3-BF4B-00C04F79EFBC}") = "Tyuiu.NajibN.Sprint2.Task5.V3.Test", "Tyuiu.NajibN.Sprint2.Task5.V3.Test\Tyuiu.NajibN.Sprint2.Task5.V3.Test.csproj", "{6F29016F-B3F5-41B5-BB08-8355E761CAF2}"
EndProject
Project("{FAE04EC0-301F-11D3-BF4B-00C04F79EFBC}") = "Tyuiu.NajibN.Sprint2.Task5.V3.Lib", "Tyuiu.NajibN.Sprint2.Task5.V3.Lib\Tyuiu.NajibN.Sprint2.Task5.V3.Lib.csproj", "{5C943D67-B6EE-41DE-AF7F-E99784840146}"
EndProject
Project("{2150E333-8FDC-42A3-9474-1A3956D46DE8}") = "Task6", "Task6", "{9ECDC89D-C7AA-467A-B37E-ABFE459C9C40}"
EndProject
Project("{FAE04EC0-301F-11D3-BF4B-00C04F79EFBC}") = "Tyuiu.NajibN.Sprint2.Task6.V6", "Tyuiu.NajibN.Sprint2.Task6.V6\Tyuiu.NajibN.Sprint2.Task6.V6.csproj", "{FB6D8C99-BBC4-4928-AA36-831AEF10662E}"
EndProject
Project("{FAE04EC0-301F-11D3-BF4B-00C04F79EFBC}") = "Tyuiu.NajibN.Sprint2.Task6.V6.Lib", "Tyuiu.NajibN.Sprint2.Task6.V6.Lib\Tyuiu.NajibN.Sprint2.Task6.V6.Lib.csproj", "{AD2526D5-E6A9-4787-9D2B-E7DCF205F9FB}"
EndProject
Project("{FAE04EC0-301F-11D3-BF4B-00C04F79EFBC}") = "Tyuiu.NajibN.Sprint2.Task6.V6.Test", "Tyuiu.NajibN.Sprint2.Task6.V6.Test\Tyuiu.NajibN.Sprint2.Task6.V6.Test.csproj", "{5F2CD681-D52D-44F6-AB49-E618F88F6EBF}"
EndProject
Project("{2150E333-8FDC-42A3-9474-1A3956D46DE8}") = "Task7", "Task7", "{72A82FC7-D2BF-4320-A638-61F5371B5726}"
EndProject
Project("{FAE04EC0-301F-11D3-BF4B-00C04F79EFBC}") = "Tyuiu.NajibN.Sprint2.Task7.V2", "Tyuiu.NajibN.Sprint2.Task7.V2\Tyuiu.NajibN.Sprint2.Task7.V2.csproj", "{E8A58ED9-88CB-456C-BFE1-9A0093B1FFD1}"
EndProject
Project("{FAE04EC0-301F-11D3-BF4B-00C04F79EFBC}") = "Tyuiu.NajibN.Sprint2.Task7.V2.Lib", "Tyuiu.NajibN.Sprint2.Task7.V2.Lib\Tyuiu.NajibN.Sprint2.Task7.V2.Lib.csproj", "{62EE61D7-BE39-45DA-8692-FA5D67B81100}"
EndProject
Project("{FAE04EC0-301F-11D3-BF4B-00C04F79EFBC}") = "Tyuiu.NajibN.Sprint2.Task7.V2.Test", "Tyuiu.NajibN.Sprint2.Task7.V2.Test\Tyuiu.NajibN.Sprint2.Task7.V2.Test.csproj", "{CD8E66CA-CC80-45FD-8A10-62FA45BE490A}"
EndProject
Global
	GlobalSection(SolutionConfigurationPlatforms) = preSolution
		Debug|Any CPU = Debug|Any CPU
		Release|Any CPU = Release|Any CPU
	EndGlobalSection
	GlobalSection(ProjectConfigurationPlatforms) = postSolution
		{62A81FFC-E45A-47AA-80D7-97CB2827AF0A}.Debug|Any CPU.ActiveCfg = Debug|Any CPU
		{62A81FFC-E45A-47AA-80D7-97CB2827AF0A}.Debug|Any CPU.Build.0 = Debug|Any CPU
		{62A81FFC-E45A-47AA-80D7-97CB2827AF0A}.Release|Any CPU.ActiveCfg = Release|Any CPU
		{62A81FFC-E45A-47AA-80D7-97CB2827AF0A}.Release|Any CPU.Build.0 = Release|Any CPU
		{01CBD2DC-923E-4B53-9E2D-6E4C2FEB93DC}.Debug|Any CPU.ActiveCfg = Debug|Any CPU
		{01CBD2DC-923E-4B53-9E2D-6E4C2FEB93DC}.Debug|Any CPU.Build.0 = Debug|Any CPU
		{01CBD2DC-923E-4B53-9E2D-6E4C2FEB93DC}.Release|Any CPU.ActiveCfg = Release|Any CPU
		{01CBD2DC-923E-4B53-9E2D-6E4C2FEB93DC}.Release|Any CPU.Build.0 = Release|Any CPU
		{0DB84DC5-629E-403A-BB9F-4A9C9CE2AC1A}.Debug|Any CPU.ActiveCfg = Debug|Any CPU
		{0DB84DC5-629E-403A-BB9F-4A9C9CE2AC1A}.Debug|Any CPU.Build.0 = Debug|Any CPU
		{0DB84DC5-629E-403A-BB9F-4A9C9CE2AC1A}.Release|Any CPU.ActiveCfg = Release|Any CPU
		{0DB84DC5-629E-403A-BB9F-4A9C9CE2AC1A}.Release|Any CPU.Build.0 = Release|Any CPU
		{B685277F-EF5F-4404-A3C0-BEA77EF5B3C5}.Debug|Any CPU.ActiveCfg = Debug|Any CPU
		{B685277F-EF5F-4404-A3C0-BEA77EF5B3C5}.Debug|Any CPU.Build.0 = Debug|Any CPU
		{B685277F-EF5F-4404-A3C0-BEA77EF5B3C5}.Release|Any CPU.ActiveCfg = Release|Any CPU
		{B685277F-EF5F-4404-A3C0-BEA77EF5B3C5}.Release|Any CPU.Build.0 = Release|Any CPU
		{B8590DF5-7ED9-4C10-85EE-BF625A36BAB8}.Debug|Any CPU.ActiveCfg = Debug|Any CPU
		{B8590DF5-7ED9-4C10-85EE-BF625A36BAB8}.Debug|Any CPU.Build.0 = Debug|Any CPU
		{B8590DF5-7ED9-4C10-85EE-BF625A36BAB8}.Release|Any CPU.ActiveCfg = Release|Any CPU
		{B8590DF5-7ED9-4C10-85EE-BF625A36BAB8}.Release|Any CPU.Build.0 = Release|Any CPU
		{9BE7054D-A986-4B53-AB14-8432F1421993}.Debug|Any CPU.ActiveCfg = Debug|Any CPU
		{9BE7054D-A986-4B53-AB14-8432F1421993}.Debug|Any CPU.Build.0 = Debug|Any CPU
		{9BE7054D-A986-4B53-AB14-8432F1421993}.Release|Any CPU.ActiveCfg = Release|Any CPU
		{9BE7054D-A986-4B53-AB14-8432F1421993}.Release|Any CPU.Build.0 = Release|Any CPU
		{FC6D1200-98E0-47C7-8669-26844B335597}.Debug|Any CPU.ActiveCfg = Debug|Any CPU
		{FC6D1200-98E0-47C7-8669-26844B335597}.Debug|Any CPU.Build.0 = Debug|Any CPU
		{FC6D1200-98E0-47C7-8669-26844B335597}.Release|Any CPU.ActiveCfg = Release|Any CPU
		{FC6D1200-98E0-47C7-8669-26844B335597}.Release|Any CPU.Build.0 = Release|Any CPU
		{4BBB0B83-CF3B-4D03-952E-0CBEDCC977C7}.Debug|Any CPU.ActiveCfg = Debug|Any CPU
		{4BBB0B83-CF3B-4D03-952E-0CBEDCC977C7}.Debug|Any CPU.Build.0 = Debug|Any CPU
		{4BBB0B83-CF3B-4D03-952E-0CBEDCC977C7}.Release|Any CPU.ActiveCfg = Release|Any CPU
		{4BBB0B83-CF3B-4D03-952E-0CBEDCC977C7}.Release|Any CPU.Build.0 = Release|Any CPU
		{373B99E3-58B0-418E-99B4-E6542DBC7C15}.Debug|Any CPU.ActiveCfg = Debug|Any CPU
		{373B99E3-58B0-418E-99B4-E6542DBC7C15}.Debug|Any CPU.Build.0 = Debug|Any CPU
		{373B99E3-58B0-418E-99B4-E6542DBC7C15}.Release|Any CPU.ActiveCfg = Release|Any CPU
		{373B99E3-58B0-418E-99B4-E6542DBC7C15}.Release|Any CPU.Build.0 = Release|Any CPU
		{6F5EC6FF-30BC-4C27-A4A3-85FBF1D0D996}.Debug|Any CPU.ActiveCfg = Debug|Any CPU
		{6F5EC6FF-30BC-4C27-A4A3-85FBF1D0D996}.Debug|Any CPU.Build.0 = Debug|Any CPU
		{6F5EC6FF-30BC-4C27-A4A3-85FBF1D0D996}.Release|Any CPU.ActiveCfg = Release|Any CPU
		{6F5EC6FF-30BC-4C27-A4A3-85FBF1D0D996}.Release|Any CPU.Build.0 = Release|Any CPU
		{752FD345-C6B8-4A98-B859-E83AD68876DE}.Debug|Any CPU.ActiveCfg = Debug|Any CPU
		{752FD345-C6B8-4A98-B859-E83AD68876DE}.Debug|Any CPU.Build.0 = Debug|Any CPU
		{752FD345-C6B8-4A98-B859-E83AD68876DE}.Release|Any CPU.ActiveCfg = Release|Any CPU
		{752FD345-C6B8-4A98-B859-E83AD68876DE}.Release|Any CPU.Build.0 = Release|Any CPU
		{C2F212E1-920A-4005-9796-CAFB8F04617C}.Debug|Any CPU.ActiveCfg = Debug|Any CPU
		{C2F212E1-920A-4005-9796-CAFB8F04617C}.Debug|Any CPU.Build.0 = Debug|Any CPU
		{C2F212E1-920A-4005-9796-CAFB8F04617C}.Release|Any CPU.ActiveCfg = Release|Any CPU
		{C2F212E1-920A-4005-9796-CAFB8F04617C}.Release|Any CPU.Build.0 = Release|Any CPU
		{6DB61C66-61A4-43B2-AB98-739DF8A49820}.Debug|Any CPU.ActiveCfg = Debug|Any CPU
		{6DB61C66-61A4-43B2-AB98-739DF8A49820}.Debug|Any CPU.Build.0 = Debug|Any CPU
		{6DB61C66-61A4-43B2-AB98-739DF8A49820}.Release|Any CPU.ActiveCfg = Release|Any CPU
		{6DB61C66-61A4-43B2-AB98-739DF8A49820}.Release|Any CPU.Build.0 = Release|Any CPU
		{538AA55D-53D0-4F51-8E8F-95F6A87A5E04}.Debug|Any CPU.ActiveCfg = Debug|Any CPU
		{538AA55D-53D0-4F51-8E8F-95F6A87A5E04}.Debug|Any CPU.Build.0 = Debug|Any CPU
		{538AA55D-53D0-4F51-8E8F-95F6A87A5E04}.Release|Any CPU.ActiveCfg = Release|Any CPU
		{538AA55D-53D0-4F51-8E8F-95F6A87A5E04}.Release|Any CPU.Build.0 = Release|Any CPU
		{20DB662C-97D1-41F4-AB65-F652B976F058}.Debug|Any CPU.ActiveCfg = Debug|Any CPU
		{20DB662C-97D1-41F4-AB65-F652B976F058}.Debug|Any CPU.Build.0 = Debug|Any CPU
		{20DB662C-97D1-41F4-AB65-F652B976F058}.Release|Any CPU.ActiveCfg = Release|Any CPU
		{20DB662C-97D1-41F4-AB65-F652B976F058}.Release|Any CPU.Build.0 = Release|Any CPU
		{B018A81E-EDA9-4A82-B067-3AFDC53CE4E2}.Debug|Any CPU.ActiveCfg = Debug|Any CPU
		{B018A81E-EDA9-4A82-B067-3AFDC53CE4E2}.Debug|Any CPU.Build.0 = Debug|Any CPU
		{B018A81E-EDA9-4A82-B067-3AFDC53CE4E2}.Release|Any CPU.ActiveCfg = Release|Any CPU
		{B018A81E-EDA9-4A82-B067-3AFDC53CE4E2}.Release|Any CPU.Build.0 = Release|Any CPU
		{C7EE35DF-1DDB-4DB0-816E-6C06A5F3F49B}.Debug|Any CPU.ActiveCfg = Debug|Any CPU
		{C7EE35DF-1DDB-4DB0-816E-6C06A5F3F49B}.Debug|Any CPU.Build.0 = Debug|Any CPU
		{C7EE35DF-1DDB-4DB0-816E-6C06A5F3F49B}.Release|Any CPU.ActiveCfg = Release|Any CPU
		{C7EE35DF-1DDB-4DB0-816E-6C06A5F3F49B}.Release|Any CPU.Build.0 = Release|Any CPU
		{A107B0D5-08A4-412B-96FD-45281E840CC3}.Debug|Any CPU.ActiveCfg = Debug|Any CPU
		{A107B0D5-08A4-412B-96FD-45281E840CC3}.Debug|Any CPU.Build.0 = Debug|Any CPU
		{A107B0D5-08A4-412B-96FD-45281E840CC3}.Release|Any CPU.ActiveCfg = Release|Any CPU
		{A107B0D5-08A4-412B-96FD-45281E840CC3}.Release|Any CPU.Build.0 = Release|Any CPU
		{BCCA20AF-449F-4409-B168-F2679D28D7C3}.Debug|Any CPU.ActiveCfg = Debug|Any CPU
		{BCCA20AF-449F-4409-B168-F2679D28D7C3}.Debug|Any CPU.Build.0 = Debug|Any CPU
		{BCCA20AF-449F-4409-B168-F2679D28D7C3}.Release|Any CPU.ActiveCfg = Release|Any CPU
		{BCCA20AF-449F-4409-B168-F2679D28D7C3}.Release|Any CPU.Build.0 = Release|Any CPU
		{6F29016F-B3F5-41B5-BB08-8355E761CAF2}.Debug|Any CPU.ActiveCfg = Debug|Any CPU
		{6F29016F-B3F5-41B5-BB08-8355E761CAF2}.Debug|Any CPU.Build.0 = Debug|Any CPU
		{6F29016F-B3F5-41B5-BB08-8355E761CAF2}.Release|Any CPU.ActiveCfg = Release|Any CPU
		{6F29016F-B3F5-41B5-BB08-8355E761CAF2}.Release|Any CPU.Build.0 = Release|Any CPU
		{5C943D67-B6EE-41DE-AF7F-E99784840146}.Debug|Any CPU.ActiveCfg = Debug|Any CPU
		{5C943D67-B6EE-41DE-AF7F-E99784840146}.Debug|Any CPU.Build.0 = Debug|Any CPU
		{5C943D67-B6EE-41DE-AF7F-E99784840146}.Release|Any CPU.ActiveCfg = Release|Any CPU
		{5C943D67-B6EE-41DE-AF7F-E99784840146}.Release|Any CPU.Build.0 = Release|Any CPU
		{FB6D8C99-BBC4-4928-AA36-831AEF10662E}.Debug|Any CPU.ActiveCfg = Debug|Any CPU
		{FB6D8C99-BBC4-4928-AA36-831AEF10662E}.Debug|Any CPU.Build.0 = Debug|Any CPU
		{FB6D8C99-BBC4-4928-AA36-831AEF10662E}.Release|Any CPU.ActiveCfg = Release|Any CPU
		{FB6D8C99-BBC4-4928-AA36-831AEF10662E}.Release|Any CPU.Build.0 = Release|Any CPU
		{AD2526D5-E6A9-4787-9D2B-E7DCF205F9FB}.Debug|Any CPU.ActiveCfg = Debug|Any CPU
		{AD2526D5-E6A9-4787-9D2B-E7DCF205F9FB}.Debug|Any CPU.Build.0 = Debug|Any CPU
		{AD2526D5-E6A9-4787-9D2B-E7DCF205F9FB}.Release|Any CPU.ActiveCfg = Release|Any CPU
		{AD2526D5-E6A9-4787-9D2B-E7DCF205F9FB}.Release|Any CPU.Build.0 = Release|Any CPU
		{5F2CD681-D52D-44F6-AB49-E618F88F6EBF}.Debug|Any CPU.ActiveCfg = Debug|Any CPU
		{5F2CD681-D52D-44F6-AB49-E618F88F6EBF}.Debug|Any CPU.Build.0 = Debug|Any CPU
		{5F2CD681-D52D-44F6-AB49-E618F88F6EBF}.Release|Any CPU.ActiveCfg = Release|Any CPU
		{5F2CD681-D52D-44F6-AB49-E618F88F6EBF}.Release|Any CPU.Build.0 = Release|Any CPU
		{E8A58ED9-88CB-456C-BFE1-9A0093B1FFD1}.Debug|Any CPU.ActiveCfg = Debug|Any CPU
		{E8A58ED9-88CB-456C-BFE1-9A0093B1FFD1}.Debug|Any CPU.Build.0 = Debug|Any CPU
		{E8A58ED9-88CB-456C-BFE1-9A0093B1FFD1}.Release|Any CPU.ActiveCfg = Release|Any CPU
		{E8A58ED9-88CB-456C-BFE1-9A0093B1FFD1}.Release|Any CPU.Build.0 = Release|Any CPU
		{62EE61D7-BE39-45DA-8692-FA5D67B81100}.Debug|Any CPU.ActiveCfg = Debug|Any CPU
		{62EE61D7-BE39-45DA-8692-FA5D67B81100}.Debug|Any CPU.Build.0 = Debug|Any CPU
		{62EE61D7-BE39-45DA-8692-FA5D67B81100}.Release|Any CPU.ActiveCfg = Release|Any CPU
		{62EE61D7-BE39-45DA-8692-FA5D67B81100}.Release|Any CPU.Build.0 = Release|Any CPU
		{CD8E66CA-CC80-45FD-8A10-62FA45BE490A}.Debug|Any CPU.ActiveCfg = Debug|Any CPU
		{CD8E66CA-CC80-45FD-8A10-62FA45BE490A}.Debug|Any CPU.Build.0 = Debug|Any CPU
		{CD8E66CA-CC80-45FD-8A10-62FA45BE490A}.Release|Any CPU.ActiveCfg = Release|Any CPU
		{CD8E66CA-CC80-45FD-8A10-62FA45BE490A}.Release|Any CPU.Build.0 = Release|Any CPU
	EndGlobalSection
	GlobalSection(SolutionProperties) = preSolution
		HideSolutionNode = FALSE
	EndGlobalSection
	GlobalSection(NestedProjects) = preSolution
		{62A81FFC-E45A-47AA-80D7-97CB2827AF0A} = {B93CFC19-1157-4EC1-86E7-E4F5511B60EB}
		{01CBD2DC-923E-4B53-9E2D-6E4C2FEB93DC} = {B93CFC19-1157-4EC1-86E7-E4F5511B60EB}
		{0DB84DC5-629E-403A-BB9F-4A9C9CE2AC1A} = {B93CFC19-1157-4EC1-86E7-E4F5511B60EB}
		{B685277F-EF5F-4404-A3C0-BEA77EF5B3C5} = {F730F85D-B246-49F5-BD78-7F46D9F8E50C}
		{B8590DF5-7ED9-4C10-85EE-BF625A36BAB8} = {F730F85D-B246-49F5-BD78-7F46D9F8E50C}
		{9BE7054D-A986-4B53-AB14-8432F1421993} = {F730F85D-B246-49F5-BD78-7F46D9F8E50C}
		{FC6D1200-98E0-47C7-8669-26844B335597} = {DB4F81FA-194E-4F40-A263-5EAAA512CBB1}
		{4BBB0B83-CF3B-4D03-952E-0CBEDCC977C7} = {DB4F81FA-194E-4F40-A263-5EAAA512CBB1}
		{373B99E3-58B0-418E-99B4-E6542DBC7C15} = {DB4F81FA-194E-4F40-A263-5EAAA512CBB1}
		{6F5EC6FF-30BC-4C27-A4A3-85FBF1D0D996} = {8886BE7E-100B-497D-A14F-B5998736F119}
		{752FD345-C6B8-4A98-B859-E83AD68876DE} = {8886BE7E-100B-497D-A14F-B5998736F119}
		{C2F212E1-920A-4005-9796-CAFB8F04617C} = {8886BE7E-100B-497D-A14F-B5998736F119}
		{6DB61C66-61A4-43B2-AB98-739DF8A49820} = {72506C59-B88A-4848-BC74-5ACF17F8DB50}
		{538AA55D-53D0-4F51-8E8F-95F6A87A5E04} = {72506C59-B88A-4848-BC74-5ACF17F8DB50}
		{20DB662C-97D1-41F4-AB65-F652B976F058} = {72506C59-B88A-4848-BC74-5ACF17F8DB50}
		{B018A81E-EDA9-4A82-B067-3AFDC53CE4E2} = {07E43C5B-D542-40CE-A5A4-506DB8833497}
		{C7EE35DF-1DDB-4DB0-816E-6C06A5F3F49B} = {07E43C5B-D542-40CE-A5A4-506DB8833497}
		{A107B0D5-08A4-412B-96FD-45281E840CC3} = {07E43C5B-D542-40CE-A5A4-506DB8833497}
		{BCCA20AF-449F-4409-B168-F2679D28D7C3} = {144E6344-B871-4DEA-967A-12135F463A45}
		{6F29016F-B3F5-41B5-BB08-8355E761CAF2} = {144E6344-B871-4DEA-967A-12135F463A45}
		{5C943D67-B6EE-41DE-AF7F-E99784840146} = {144E6344-B871-4DEA-967A-12135F463A45}
		{FB6D8C99-BBC4-4928-AA36-831AEF10662E} = {9ECDC89D-C7AA-467A-B37E-ABFE459C9C40}
		{AD2526D5-E6A9-4787-9D2B-E7DCF205F9FB} = {9ECDC89D-C7AA-467A-B37E-ABFE459C9C40}
		{5F2CD681-D52D-44F6-AB49-E618F88F6EBF} = {9ECDC89D-C7AA-467A-B37E-ABFE459C9C40}
		{E8A58ED9-88CB-456C-BFE1-9A0093B1FFD1} = {72A82FC7-D2BF-4320-A638-61F5371B5726}
		{62EE61D7-BE39-45DA-8692-FA5D67B81100} = {72A82FC7-D2BF-4320-A638-61F5371B5726}
		{CD8E66CA-CC80-45FD-8A10-62FA45BE490A} = {72A82FC7-D2BF-4320-A638-61F5371B5726}
	EndGlobalSection
	GlobalSection(ExtensibilityGlobals) = postSolution
		SolutionGuid = {8167BE68-8508-44A3-8D46-13DFBD4F0BA8}
	EndGlobalSection
EndGlobal
